PODS:
  - Capacitor (8.0.0):
    - CapacitorCordova
  - CapacitorApp (8.0.0):
    - Capacitor
  - CapacitorBrowser (8.0.0):
    - Capacitor
  - CapacitorClipboard (8.0.0):
    - Capacitor
  - CapacitorCordova (8.0.0)
  - CapacitorPreferences (8.0.0):
    - Capacitor
  - CapacitorPushNotifications (8.0.0):
    - Capacitor
  - CapacitorShare (8.0.0):
    - Capacitor
  - CapacitorToast (8.0.0):
    - Capacitor

DEPENDENCIES:
  - "Capacitor (from `../../node_modules/@capacitor/ios`)"
  - "CapacitorApp (from `../../node_modules/@capacitor/app`)"
  - "CapacitorBrowser (from `../../node_modules/@capacitor/browser`)"
  - "CapacitorClipboard (from `../../node_modules/@capacitor/clipboard`)"
  - "CapacitorCordova (from `../../node_modules/@capacitor/ios`)"
  - "CapacitorPreferences (from `../../node_modules/@capacitor/preferences`)"
  - "CapacitorPushNotifications (from `../../node_modules/@capacitor/push-notifications`)"
  - "CapacitorShare (from `../../node_modules/@capacitor/share`)"
  - "CapacitorToast (from `../../node_modules/@capacitor/toast`)"

EXTERNAL SOURCES:
  Capacitor:
    :path: "../../node_modules/@capacitor/ios"
  CapacitorApp:
    :path: "../../node_modules/@capacitor/app"
  CapacitorBrowser:
    :path: "../../node_modules/@capacitor/browser"
  CapacitorClipboard:
    :path: "../../node_modules/@capacitor/clipboard"
  CapacitorCordova:
    :path: "../../node_modules/@capacitor/ios"
  CapacitorPreferences:
    :path: "../../node_modules/@capacitor/preferences"
  CapacitorPushNotifications:
    :path: "../../node_modules/@capacitor/push-notifications"
  CapacitorShare:
    :path: "../../node_modules/@capacitor/share"
  CapacitorToast:
    :path: "../../node_modules/@capacitor/toast"

SPEC CHECKSUMS:
  Capacitor: 341ff7cf652ec695d1a8ebf604db448ac7b6d635
  CapacitorApp: 3963a84197280757b84f126afd1520a85ae3b092
  CapacitorBrowser: b7d7f05f840fe042e46f6528bb8db853e3058fb2
  CapacitorClipboard: 61832a3722adc61afed6e0191c8a0e11ba11674d
  CapacitorCordova: 5dc3912d25ef770a3fe0f431bb65c9fbfa2e92f9
  CapacitorPreferences: 443fabe9670226200e595658a87ef0b1566716d4
  CapacitorPushNotifications: 722c1528eabbefd355f47e373a4c6235d01e85e9
  CapacitorShare: 12f1d192170cbcf9f108fd675ac8e343761a4638
  CapacitorToast: aefebcd4cead9f44a04ace80c66a7eb4031751e7

PODFILE CHECKSUM: 0ada2959cbf99413b08afcdb8bdc1ff4edbdd286

COCOAPODS: 1.16.2
