{
  "originHash" : "3f1c0dd11c4601f6330edbf042efbcb736113043c6e7bf53bca346f05b3ccc47",
  "pins" : [
    {
      "identity" : "capacitor-swift-pm",
      "kind" : "remoteSourceControl",
      "location" : "https://github.com/aldinjohnsson/capacitor-swift-pm.git",
      "state" : {
        "revision" : "596259033e94829dffc552a40e7129262122995e",
        "version" : "8.0.0"
      }
    }
  ],
  "version" : 3
}
